// !$*UTF8*$!
{
	archiveVersion = 1;
	classes = {
	};
	objectVersion = 77;
	objects = {

/* Begin PBXBuildFile section */
		100E194C301D215300140BD5 /* NavController.swift in Sources */ = {isa = PBXBuildFile; fileRef = 100E194B301D215200140BD5 /* NavController.swift */; };
		100E194F301D220F00140BD5 /* ProfileViewController.swift in Sources */ = {isa = PBXBuildFile; fileRef = 100E194E301D220900140BD5 /* ProfileViewController.swift */; };
		100E1951301D229900140BD5 /* YPLabel.swift in Sources */ = {isa = PBXBuildFile; fileRef = 100E1950301D228E00140BD5 /* YPLabel.swift */; };
		10AF0EF230192320008B8477 /* AppDelegate.swift in Sources */ = {isa = PBXBuildFile; fileRef = 10AF0EEA30192320008B8477 /* AppDelegate.swift */; };
		10AF0EF330192320008B8477 /* SceneDelegate.swift in Sources */ = {isa = PBXBuildFile; fileRef = 10AF0EEF30192320008B8477 /* SceneDelegate.swift */; };
		10AF0EF430192320008B8477 /* ImageListViewController.swift in Sources */ = {isa = PBXBuildFile; fileRef = 10AF0EF030192320008B8477 /* ImageListViewController.swift */; };
		10AF0EF530192320008B8477 /* Assets.xcassets in Resources */ = {isa = PBXBuildFile; fileRef = 10AF0EEB30192320008B8477 /* Assets.xcassets */; };
		10AF0EF730192320008B8477 /* LaunchScreen.storyboard in Resources */ = {isa = PBXBuildFile; fileRef = 10AF0EEE30192320008B8477 /* LaunchScreen.storyboard */; };
		10AF0F003019352D008B8477 /* ImagesListCell.swift in Sources */ = {isa = PBXBuildFile; fileRef = 10AF0EFF30193524008B8477 /* ImagesListCell.swift */; };
		10C4102C3023AE53003F3349 /* UIStackView+Extension.swift in Sources */ = {isa = PBXBuildFile; fileRef = 10C4102B3023AE45003F3349 /* UIStackView+Extension.swift */; };
		10C4102E3023BCD6003F3349 /* SingleImageViewController.swift in Sources */ = {isa = PBXBuildFile; fileRef = 10C4102D3023BCCC003F3349 /* SingleImageViewController.swift */; };
		10F75E9D301DB34100F38513 /* YPImageView.swift in Sources */ = {isa = PBXBuildFile; fileRef = 10F75E9C301DB33D00F38513 /* YPImageView.swift */; };
		10F75E9F301DC56300F38513 /* YPButton.swift in Sources */ = {isa = PBXBuildFile; fileRef = 10F75E9E301DC56000F38513 /* YPButton.swift */; };
		10F75EA1301E6FE200F38513 /* TabBarController.swift in Sources */ = {isa = PBXBuildFile; fileRef = 10F75EA0301E6FDD00F38513 /* TabBarController.swift */; };
/* End PBXBuildFile section */

/* Begin PBXFileReference section */
		100E194B301D215200140BD5 /* NavController.swift */ = {isa = PBXFileReference; lastKnownFileType = sourcecode.swift; path = NavController.swift; sourceTree = "<group>"; };
		100E194E301D220900140BD5 /* ProfileViewController.swift */ = {isa = PBXFileReference; lastKnownFileType = sourcecode.swift; path = ProfileViewController.swift; sourceTree = "<group>"; };
		100E1950301D228E00140BD5 /* YPLabel.swift */ = {isa = PBXFileReference; lastKnownFileType = sourcecode.swift; path = YPLabel.swift; sourceTree = "<group>"; };
		10AF0EEA30192320008B8477 /* AppDelegate.swift */ = {isa = PBXFileReference; lastKnownFileType = sourcecode.swift; path = AppDelegate.swift; sourceTree = "<group>"; };
		10AF0EEB30192320008B8477 /* Assets.xcassets */ = {isa = PBXFileReference; lastKnownFileType = folder.assetcatalog; path = Assets.xcassets; sourceTree = "<group>"; };
		10AF0EEC30192320008B8477 /* Info.plist */ = {isa = PBXFileReference; lastKnownFileType = text.plist.xml; path = Info.plist; sourceTree = "<group>"; };
		10AF0EED30192320008B8477 /* Base */ = {isa = PBXFileReference; lastKnownFileType = file.storyboard; name = Base; path = Base.lproj/LaunchScreen.storyboard; sourceTree = "<group>"; };
		10AF0EEF30192320008B8477 /* SceneDelegate.swift */ = {isa = PBXFileReference; lastKnownFileType = sourcecode.swift; path = SceneDelegate.swift; sourceTree = "<group>"; };
		10AF0EF030192320008B8477 /* ImageListViewController.swift */ = {isa = PBXFileReference; lastKnownFileType = sourcecode.swift; path = ImageListViewController.swift; sourceTree = "<group>"; };
		10AF0EFF30193524008B8477 /* ImagesListCell.swift */ = {isa = PBXFileReference; lastKnownFileType = sourcecode.swift; path = ImagesListCell.swift; sourceTree = "<group>"; };
		10C4102B3023AE45003F3349 /* UIStackView+Extension.swift */ = {isa = PBXFileReference; lastKnownFileType = sourcecode.swift; path = "UIStackView+Extension.swift"; sourceTree = "<group>"; };
		10C4102D3023BCCC003F3349 /* SingleImageViewController.swift */ = {isa = PBXFileReference; lastKnownFileType = sourcecode.swift; path = SingleImageViewController.swift; sourceTree = "<group>"; };
		10EBE68A301843D9009A96A5 /* ImageFeed.app */ = {isa = PBXFileReference; explicitFileType = wrapper.application; includeInIndex = 0; path = ImageFeed.app; sourceTree = BUILT_PRODUCTS_DIR; };
		10F75E9C301DB33D00F38513 /* YPImageView.swift */ = {isa = PBXFileReference; lastKnownFileType = sourcecode.swift; path = YPImageView.swift; sourceTree = "<group>"; };
		10F75E9E301DC56000F38513 /* YPButton.swift */ = {isa = PBXFileReference; lastKnownFileType = sourcecode.swift; path = YPButton.swift; sourceTree = "<group>"; };
		10F75EA0301E6FDD00F38513 /* TabBarController.swift */ = {isa = PBXFileReference; lastKnownFileType = sourcecode.swift; path = TabBarController.swift; sourceTree = "<group>"; };
/* End PBXFileReference section */

/* Begin PBXFrameworksBuildPhase section */
		10EBE687301843D9009A96A5 /* Frameworks */ = {
			isa = PBXFrameworksBuildPhase;
			buildActionMask = 2147483647;
			files = (
			);
			runOnlyForDeploymentPostprocessing = 0;
		};
/* End PBXFrameworksBuildPhase section */

/* Begin PBXGroup section */
		10AF0EF130192320008B8477 /* ImageFeed */ = {
			isa = PBXGroup;
			children = (
				10AF0EF830192325008B8477 /* App */,
				10AF0F0130193834008B8477 /* Model */,
				10AF0EFE3019350A008B8477 /* View */,
				10AF0EFA30192408008B8477 /* Controller */,
				10C4102A3023AE2F003F3349 /* Extensions */,
				10AF0EF9301923DF008B8477 /* Supporting */,
			);
			path = ImageFeed;
			sourceTree = "<group>";
		};
		10AF0EF830192325008B8477 /* App */ = {
			isa = PBXGroup;
			children = (
				10AF0EEA30192320008B8477 /* AppDelegate.swift */,
				10AF0EEF30192320008B8477 /* SceneDelegate.swift */,
			);
			path = App;
			sourceTree = "<group>";
		};
		10AF0EF9301923DF008B8477 /* Supporting */ = {
			isa = PBXGroup;
			children = (
				10AF0EEE30192320008B8477 /* LaunchScreen.storyboard */,
				10AF0EEB30192320008B8477 /* Assets.xcassets */,
				10AF0EEC30192320008B8477 /* Info.plist */,
			);
			path = Supporting;
			sourceTree = "<group>";
		};
		10AF0EFA30192408008B8477 /* Controller */ = {
			isa = PBXGroup;
			children = (
				100E194B301D215200140BD5 /* NavController.swift */,
				10F75EA0301E6FDD00F38513 /* TabBarController.swift */,
				10AF0EF030192320008B8477 /* ImageListViewController.swift */,
				10C4102D3023BCCC003F3349 /* SingleImageViewController.swift */,
				100E194E301D220900140BD5 /* ProfileViewController.swift */,
			);
			path = Controller;
			sourceTree = "<group>";
		};
		10AF0EFE3019350A008B8477 /* View */ = {
			isa = PBXGroup;
			children = (
				10F75E9E301DC56000F38513 /* YPButton.swift */,
				10F75E9C301DB33D00F38513 /* YPImageView.swift */,
				100E1950301D228E00140BD5 /* YPLabel.swift */,
				10AF0EFF30193524008B8477 /* ImagesListCell.swift */,
			);
			path = View;
			sourceTree = "<group>";
		};
		10AF0F0130193834008B8477 /* Model */ = {
			isa = PBXGroup;
			children = (
			);
			path = Model;
			sourceTree = "<group>";
		};
		10C4102A3023AE2F003F3349 /* Extensions */ = {
			isa = PBXGroup;
			children = (
				10C4102B3023AE45003F3349 /* UIStackView+Extension.swift */,
			);
			path = Extensions;
			sourceTree = "<group>";
		};
		10EBE681301843D8009A96A5 = {
			isa = PBXGroup;
			children = (
				10AF0EF130192320008B8477 /* ImageFeed */,
				10EBE68B301843D9009A96A5 /* Products */,
			);
			sourceTree = "<group>";
		};
		10EBE68B301843D9009A96A5 /* Products */ = {
			isa = PBXGroup;
			children = (
				10EBE68A301843D9009A96A5 /* ImageFeed.app */,
			);
			name = Products;
			sourceTree = "<group>";
		};
/* End PBXGroup section */

/* Begin PBXNativeTarget section */
		10EBE689301843D9009A96A5 /* ImageFeed */ = {
			isa = PBXNativeTarget;
			buildConfigurationList = 10EBE69D301843D9009A96A5 /* Build configuration list for PBXNativeTarget "ImageFeed" */;
			buildPhases = (
				10EBE686301843D9009A96A5 /* Sources */,
				10EBE687301843D9009A96A5 /* Frameworks */,
				10EBE688301843D9009A96A5 /* Resources */,
			);
			buildRules = (
			);
			dependencies = (
			);
			name = ImageFeed;
			packageProductDependencies = (
			);
			productName = ImageFeed;
			productReference = 10EBE68A301843D9009A96A5 /* ImageFeed.app */;
			productType = "com.apple.product-type.application";
		};
/* End PBXNativeTarget section */

/* Begin PBXProject section */
		10EBE682301843D8009A96A5 /* Project object */ = {
			isa = PBXProject;
			attributes = {
				BuildIndependentTargetsInParallel = 1;
				LastSwiftUpdateCheck = 2630;
				LastUpgradeCheck = 2630;
				TargetAttributes = {
					10EBE689301843D9009A96A5 = {
						CreatedOnToolsVersion = 26.3;
					};
				};
			};
			buildConfigurationList = 10EBE685301843D8009A96A5 /* Build configuration list for PBXProject "ImageFeed" */;
			developmentRegion = en;
			hasScannedForEncodings = 0;
			knownRegions = (
				en,
				Base,
			);
			mainGroup = 10EBE681301843D8009A96A5;
			minimizedProjectReferenceProxies = 1;
			preferredProjectObjectVersion = 77;
			productRefGroup = 10EBE68B301843D9009A96A5 /* Products */;
			projectDirPath = "";
			projectRoot = "";
			targets = (
				10EBE689301843D9009A96A5 /* ImageFeed */,
			);
		};
/* End PBXProject section */

/* Begin PBXResourcesBuildPhase section */
		10EBE688301843D9009A96A5 /* Resources */ = {
			isa = PBXResourcesBuildPhase;
			buildActionMask = 2147483647;
			files = (
				10AF0EF530192320008B8477 /* Assets.xcassets in Resources */,
				10AF0EF730192320008B8477 /* LaunchScreen.storyboard in Resources */,
			);
			runOnlyForDeploymentPostprocessing = 0;
		};
/* End PBXResourcesBuildPhase section */

/* Begin PBXSourcesBuildPhase section */
		10EBE686301843D9009A96A5 /* Sources */ = {
			isa = PBXSourcesBuildPhase;
			buildActionMask = 2147483647;
			files = (
				10C4102E3023BCD6003F3349 /* SingleImageViewController.swift in Sources */,
				100E194F301D220F00140BD5 /* ProfileViewController.swift in Sources */,
				10AF0EF230192320008B8477 /* AppDelegate.swift in Sources */,
				100E194C301D215300140BD5 /* NavController.swift in Sources */,
				10F75EA1301E6FE200F38513 /* TabBarController.swift in Sources */,
				10F75E9D301DB34100F38513 /* YPImageView.swift in Sources */,
				100E1951301D229900140BD5 /* YPLabel.swift in Sources */,
				10F75E9F301DC56300F38513 /* YPButton.swift in Sources */,
				10AF0EF330192320008B8477 /* SceneDelegate.swift in Sources */,
				10AF0F003019352D008B8477 /* ImagesListCell.swift in Sources */,
				10AF0EF430192320008B8477 /* ImageListViewController.swift in Sources */,
				10C4102C3023AE53003F3349 /* UIStackView+Extension.swift in Sources */,
			);
			runOnlyForDeploymentPostprocessing = 0;
		};
/* End PBXSourcesBuildPhase section */

/* Begin PBXVariantGroup section */
		10AF0EEE30192320008B8477 /* LaunchScreen.storyboard */ = {
			isa = PBXVariantGroup;
			children = (
				10AF0EED30192320008B8477 /* Base */,
			);
			name = LaunchScreen.storyboard;
			sourceTree = "<group>";
		};
/* End PBXVariantGroup section */

/* Begin XCBuildConfiguration section */
		10EBE69E301843D9009A96A5 /* Debug */ = {
			isa = XCBuildConfiguration;
			buildSettings = {
				ASSETCATALOG_COMPILER_APPICON_NAME = AppIcon;
				ASSETCATALOG_COMPILER_GLOBAL_ACCENT_COLOR_NAME = AccentColor;
				CODE_SIGN_STYLE = Automatic;
				CURRENT_PROJECT_VERSION = 1;
				DEVELOPMENT_TEAM = ZW85ZS75QC;
				GENERATE_INFOPLIST_FILE = YES;
				INFOPLIST_FILE = ImageFeed/Supporting/Info.plist;
				INFOPLIST_KEY_UIApplicationSupportsIndirectInputEvents = YES;
				INFOPLIST_KEY_UILaunchStoryboardName = LaunchScreen;
				INFOPLIST_KEY_UISupportedInterfaceOrientations = UIInterfaceOrientationPortrait;
				INFOPLIST_KEY_UISupportedInterfaceOrientations_iPad = "UIInterfaceOrientationLandscapeLeft UIInterfaceOrientationLandscapeRight UIInterfaceOrientationPortrait UIInterfaceOrientationPortraitUpsideDown";
				IPHONEOS_DEPLOYMENT_TARGET = 17.0;
				LD_RUNPATH_SEARCH_PATHS = (
					"$(inherited)",
					"@executable_path/Frameworks",
				);
				MARKETING_VERSION = 1.0;
				PRODUCT_BUNDLE_IDENTIFIER = dev.mobinson.ImageFeed;
				PRODUCT_NAME = "$(TARGET_NAME)";
				STRING_CATALOG_GENERATE_SYMBOLS = YES;
				SUPPORTED_PLATFORMS = "iphoneos iphonesimulator";
				SUPPORTS_MACCATALYST = NO;
				SUPPORTS_MAC_DESIGNED_FOR_IPHONE_IPAD = NO;
				SUPPORTS_XR_DESIGNED_FOR_IPHONE_IPAD = NO;
				SWIFT_APPROACHABLE_CONCURRENCY = YES;
				SWIFT_DEFAULT_ACTOR_ISOLATION = MainActor;
				SWIFT_EMIT_LOC_STRINGS = YES;
				SWIFT_UPCOMING_FEATURE_MEMBER_IMPORT_VISIBILITY = YES;
				SWIFT_VERSION = 5.0;
				TARGETED_DEVICE_FAMILY = 1;
			};
			name = Debug;
		};
		10EBE69F301843D9009A96A5 /* Release */ = {
			isa = XCBuildConfiguration;
			buildSettings = {
				ASSETCATALOG_COMPILER_APPICON_NAME = AppIcon;
				ASSETCATALOG_COMPILER_GLOBAL_ACCENT_COLOR_NAME = AccentColor;
				CODE_SIGN_STYLE = Automatic;
				CURRENT_PROJECT_VERSION = 1;
				DEVELOPMENT_TEAM = ZW85ZS75QC;
				GENERATE_INFOPLIST_FILE = YES;
				INFOPLIST_FILE = ImageFeed/Supporting/Info.plist;
				INFOPLIST_KEY_UIApplicationSupportsIndirectInputEvents = YES;
				INFOPLIST_KEY_UILaunchStoryboardName = LaunchScreen;
				INFOPLIST_KEY_UISupportedInterfaceOrientations = UIInterfaceOrientationPortrait;
				INFOPLIST_KEY_UISupportedInterfaceOrientations_iPad = "UIInterfaceOrientationLandscapeLeft UIInterfaceOrientationLandscapeRight UIInterfaceOrientationPortrait UIInterfaceOrientationPortraitUpsideDown";
				IPHONEOS_DEPLOYMENT_TARGET = 17.0;
				LD_RUNPATH_SEARCH_PATHS = (
					"$(inherited)",
					"@executable_path/Frameworks",
				);
				MARKETING_VERSION = 1.0;
				PRODUCT_BUNDLE_IDENTIFIER = dev.mobinson.ImageFeed;
				PRODUCT_NAME = "$(TARGET_NAME)";
				STRING_CATALOG_GENERATE_SYMBOLS = YES;
				SUPPORTED_PLATFORMS = "iphoneos iphonesimulator";
				SUPPORTS_MACCATALYST = NO;
				SUPPORTS_MAC_DESIGNED_FOR_IPHONE_IPAD = NO;
				SUPPORTS_XR_DESIGNED_FOR_IPHONE_IPAD = NO;
				SWIFT_APPROACHABLE_CONCURRENCY = YES;
				SWIFT_DEFAULT_ACTOR_ISOLATION = MainActor;
				SWIFT_EMIT_LOC_STRINGS = YES;
				SWIFT_UPCOMING_FEATURE_MEMBER_IMPORT_VISIBILITY = YES;
				SWIFT_VERSION = 5.0;
				TARGETED_DEVICE_FAMILY = 1;
			};
			name = Release;
		};
		10EBE6A0301843D9009A96A5 /* Debug */ = {
			isa = XCBuildConfiguration;
			buildSettings = {
				ALWAYS_SEARCH_USER_PATHS = NO;
				ASSETCATALOG_COMPILER_GENERATE_SWIFT_ASSET_SYMBOL_EXTENSIONS = YES;
				CLANG_ANALYZER_NONNULL = YES;
				CLANG_ANALYZER_NUMBER_OBJECT_CONVERSION = YES_AGGRESSIVE;
				CLANG_CXX_LANGUAGE_STANDARD = "gnu++20";
				CLANG_ENABLE_MODULES = YES;
				CLANG_ENABLE_OBJC_ARC = YES;
				CLANG_ENABLE_OBJC_WEAK = YES;
				CLANG_WARN_BLOCK_CAPTURE_AUTORELEASING = YES;
				CLANG_WARN_BOOL_CONVERSION = YES;
				CLANG_WARN_COMMA = YES;
				CLANG_WARN_CONSTANT_CONVERSION = YES;
				CLANG_WARN_DEPRECATED_OBJC_IMPLEMENTATIONS = YES;
				CLANG_WARN_DIRECT_OBJC_ISA_USAGE = YES_ERROR;
				CLANG_WARN_DOCUMENTATION_COMMENTS = YES;
				CLANG_WARN_EMPTY_BODY = YES;
				CLANG_WARN_ENUM_CONVERSION = YES;
				CLANG_WARN_INFINITE_RECURSION = YES;
				CLANG_WARN_INT_CONVERSION = YES;
				CLANG_WARN_NON_LITERAL_NULL_CONVERSION = YES;
				CLANG_WARN_OBJC_IMPLICIT_RETAIN_SELF = YES;
				CLANG_WARN_OBJC_LITERAL_CONVERSION = YES;
				CLANG_WARN_OBJC_ROOT_CLASS = YES_ERROR;
				CLANG_WARN_QUOTED_INCLUDE_IN_FRAMEWORK_HEADER = YES;
				CLANG_WARN_RANGE_LOOP_ANALYSIS = YES;
				CLANG_WARN_STRICT_PROTOTYPES = YES;
				CLANG_WARN_SUSPICIOUS_MOVE = YES;
				CLANG_WARN_UNGUARDED_AVAILABILITY = YES_AGGRESSIVE;
				CLANG_WARN_UNREACHABLE_CODE = YES;
				CLANG_WARN__DUPLICATE_METHOD_MATCH = YES;
				COPY_PHASE_STRIP = NO;
				DEBUG_INFORMATION_FORMAT = dwarf;
				DEVELOPMENT_TEAM = ZW85ZS75QC;
				ENABLE_STRICT_OBJC_MSGSEND = YES;
				ENABLE_TESTABILITY = YES;
				ENABLE_USER_SCRIPT_SANDBOXING = YES;
				GCC_C_LANGUAGE_STANDARD = gnu17;
				GCC_DYNAMIC_NO_PIC = NO;
				GCC_NO_COMMON_BLOCKS = YES;
				GCC_OPTIMIZATION_LEVEL = 0;
				GCC_PREPROCESSOR_DEFINITIONS = (
					"DEBUG=1",
					"$(inherited)",
				);
				GCC_WARN_64_TO_32_BIT_CONVERSION = YES;
				GCC_WARN_ABOUT_RETURN_TYPE = YES_ERROR;
				GCC_WARN_UNDECLARED_SELECTOR = YES;
				GCC_WARN_UNINITIALIZED_AUTOS = YES_AGGRESSIVE;
				GCC_WARN_UNUSED_FUNCTION = YES;
				GCC_WARN_UNUSED_VARIABLE = YES;
				IPHONEOS_DEPLOYMENT_TARGET = 26.2;
				LOCALIZATION_PREFERS_STRING_CATALOGS = YES;
				MTL_ENABLE_DEBUG_INFO = INCLUDE_SOURCE;
				MTL_FAST_MATH = YES;
				ONLY_ACTIVE_ARCH = YES;
				SDKROOT = iphoneos;
				SWIFT_ACTIVE_COMPILATION_CONDITIONS = "DEBUG $(inherited)";
				SWIFT_OPTIMIZATION_LEVEL = "-Onone";
			};
			name = Debug;
		};
		10EBE6A1301843D9009A96A5 /* Release */ = {
			isa = XCBuildConfiguration;
			buildSettings = {
				ALWAYS_SEARCH_USER_PATHS = NO;
				ASSETCATALOG_COMPILER_GENERATE_SWIFT_ASSET_SYMBOL_EXTENSIONS = YES;
				CLANG_ANALYZER_NONNULL = YES;
				CLANG_ANALYZER_NUMBER_OBJECT_CONVERSION = YES_AGGRESSIVE;
				CLANG_CXX_LANGUAGE_STANDARD = "gnu++20";
				CLANG_ENABLE_MODULES = YES;
				CLANG_ENABLE_OBJC_ARC = YES;
				CLANG_ENABLE_OBJC_WEAK = YES;
				CLANG_WARN_BLOCK_CAPTURE_AUTORELEASING = YES;
				CLANG_WARN_BOOL_CONVERSION = YES;
				CLANG_WARN_COMMA = YES;
				CLANG_WARN_CONSTANT_CONVERSION = YES;
				CLANG_WARN_DEPRECATED_OBJC_IMPLEMENTATIONS = YES;
				CLANG_WARN_DIRECT_OBJC_ISA_USAGE = YES_ERROR;
				CLANG_WARN_DOCUMENTATION_COMMENTS = YES;
				CLANG_WARN_EMPTY_BODY = YES;
				CLANG_WARN_ENUM_CONVERSION = YES;
				CLANG_WARN_INFINITE_RECURSION = YES;
				CLANG_WARN_INT_CONVERSION = YES;
				CLANG_WARN_NON_LITERAL_NULL_CONVERSION = YES;
				CLANG_WARN_OBJC_IMPLICIT_RETAIN_SELF = YES;
				CLANG_WARN_OBJC_LITERAL_CONVERSION = YES;
				CLANG_WARN_OBJC_ROOT_CLASS = YES_ERROR;
				CLANG_WARN_QUOTED_INCLUDE_IN_FRAMEWORK_HEADER = YES;
				CLANG_WARN_RANGE_LOOP_ANALYSIS = YES;
				CLANG_WARN_STRICT_PROTOTYPES = YES;
				CLANG_WARN_SUSPICIOUS_MOVE = YES;
				CLANG_WARN_UNGUARDED_AVAILABILITY = YES_AGGRESSIVE;
				CLANG_WARN_UNREACHABLE_CODE = YES;
				CLANG_WARN__DUPLICATE_METHOD_MATCH = YES;
				COPY_PHASE_STRIP = NO;
				DEBUG_INFORMATION_FORMAT = "dwarf-with-dsym";
				DEVELOPMENT_TEAM = ZW85ZS75QC;
				ENABLE_NS_ASSERTIONS = NO;
				ENABLE_STRICT_OBJC_MSGSEND = YES;
				ENABLE_USER_SCRIPT_SANDBOXING = YES;
				GCC_C_LANGUAGE_STANDARD = gnu17;
				GCC_NO_COMMON_BLOCKS = YES;
				GCC_WARN_64_TO_32_BIT_CONVERSION = YES;
				GCC_WARN_ABOUT_RETURN_TYPE = YES_ERROR;
				GCC_WARN_UNDECLARED_SELECTOR = YES;
				GCC_WARN_UNINITIALIZED_AUTOS = YES_AGGRESSIVE;
				GCC_WARN_UNUSED_FUNCTION = YES;
				GCC_WARN_UNUSED_VARIABLE = YES;
				IPHONEOS_DEPLOYMENT_TARGET = 26.2;
				LOCALIZATION_PREFERS_STRING_CATALOGS = YES;
				MTL_ENABLE_DEBUG_INFO = NO;
				MTL_FAST_MATH = YES;
				SDKROOT = iphoneos;
				SWIFT_COMPILATION_MODE = wholemodule;
				VALIDATE_PRODUCT = YES;
			};
			name = Release;
		};
/* End XCBuildConfiguration section */

/* Begin XCConfigurationList section */
		10EBE685301843D8009A96A5 /* Build configuration list for PBXProject "ImageFeed" */ = {
			isa = XCConfigurationList;
			buildConfigurations = (
				10EBE6A0301843D9009A96A5 /* Debug */,
				10EBE6A1301843D9009A96A5 /* Release */,
			);
			defaultConfigurationIsVisible = 0;
			defaultConfigurationName = Release;
		};
		10EBE69D301843D9009A96A5 /* Build configuration list for PBXNativeTarget "ImageFeed" */ = {
			isa = XCConfigurationList;
			buildConfigurations = (
				10EBE69E301843D9009A96A5 /* Debug */,
				10EBE69F301843D9009A96A5 /* Release */,
			);
			defaultConfigurationIsVisible = 0;
			defaultConfigurationName = Release;
		};
/* End XCConfigurationList section */
	};
	rootObject = 10EBE682301843D8009A96A5 /* Project object */;
}
